<?xml version="1.0" encoding="utf-8"?>
<Project ToolsVersion="4.0" xmlns="http://schemas.microsoft.com/developer/msbuild/2003">
  <ItemGroup>
    <ClInclude Include="jwindow.hpp" />
    <ClInclude Include="Utils.h" />
    <ClInclude Include="NavSystem.hpp" />
    <ClInclude Include="jEngine.hpp" />
    <ClInclude Include="CollisionSystem.hpp" />
  </ItemGroup>
  <ItemGroup>
    <Filter Include="sfml">
      <UniqueIdentifier>{991be417-4089-4c99-b0fc-869db8b843cd}</UniqueIdentifier>
    </Filter>
  </ItemGroup>
  <ItemGroup>
    <ClCompile Include="Source.cpp" />
  </ItemGroup>
</Project>